
Microsoft Visual Studio Solution File, Format Version 12.00
# Visual Studio Version 17
VisualStudioVersion = 17.7.34031.279
MinimumVisualStudioVersion = 10.0.40219.1
Project("{9A19103F-16F7-4668-BE54-9A1E7A4F7556}") = "ProjectFabric", "src\ProjectFabric\ProjectFabric.csproj", "{C47A826C-8EA5-43C4-87E9-858C4E49F38A}"
EndProject
Project("{9A19103F-16F7-4668-BE54-9A1E7A4F7556}") = "ProjectFabric.Blazor", "src\ProjectFabric.Blazor\ProjectFabric.Blazor.csproj", "{12B77FEC-CD4C-4484-86BA-6230A0C42BF5}"
EndProject
Project("{9A19103F-16F7-4668-BE54-9A1E7A4F7556}") = "ProjectFabric.Razor", "src\ProjectFabric.Razor\ProjectFabric.Razor.csproj", "{4616C555-5D8E-4C91-AF08-78B83062FB80}"
EndProject
Project("{9A19103F-16F7-4668-BE54-9A1E7A4F7556}") = "ProjectFabric.Models", "src\ProjectFabric.Models\ProjectFabric.Models.csproj", "{8B59FB09-9970-4C80-B2F7-EA92CD1876CB}"
EndProject
Project("{9A19103F-16F7-4668-BE54-9A1E7A4F7556}") = "ProjectFabric.Tests", "src\ProjectFabric.Tests\ProjectFabric.Tests.csproj", "{B0380259-BF54-4991-9DBF-51DE14716AB9}"
EndProject
Project("{2150E333-8FDC-42A3-9474-1A3956D46DE8}") = "Clients", "Clients", "{613A3A8C-0D3C-4086-872B-EDAE18D4E835}"
EndProject
Project("{2150E333-8FDC-42A3-9474-1A3956D46DE8}") = "Libraries", "Libraries", "{65570A48-6A5C-4715-BA16-6E9C6B89A6F1}"
EndProject
Project("{2150E333-8FDC-42A3-9474-1A3956D46DE8}") = "Domain", "Domain", "{43532268-5CA9-427A-BEFA-FFBF0757DA14}"
EndProject
Project("{2150E333-8FDC-42A3-9474-1A3956D46DE8}") = "Tests", "Tests", "{E6B74B66-8ACF-4598-9268-6ABBC87124FA}"
EndProject
Project("{2150E333-8FDC-42A3-9474-1A3956D46DE8}") = "Documentation", "Documentation", "{0B05AA0C-ACC7-4620-90A3-753BAA1CC9CC}"
EndProject
Project("{9A19103F-16F7-4668-BE54-9A1E7A4F7556}") = "ProjectFabric.Pipeline", "src\ProjectFabric.Pipeline\ProjectFabric.Pipeline.csproj", "{084FF551-52B5-43A7-A938-BD5E361CE4F5}"
EndProject
Project("{9A19103F-16F7-4668-BE54-9A1E7A4F7556}") = "ProjectFabric.Blazor.Wasm", "src\ProjectFabric.Blazor.Wasm\ProjectFabric.Blazor.Wasm.csproj", "{20D10E19-9435-4101-9C21-3B515F407970}"
EndProject
Project("{9A19103F-16F7-4668-BE54-9A1E7A4F7556}") = "ProjectFabric.Google", "src\ProjectFabric.Google\ProjectFabric.Google.csproj", "{54B2B7E4-D069-4B6F-804D-21DBC92A2CB2}"
EndProject
Project("{9A19103F-16F7-4668-BE54-9A1E7A4F7556}") = "ProjectFabric.Razor.Services", "src\ProjectFabric.Razor.Services\ProjectFabric.Razor.Services.csproj", "{E194E0FB-29E7-4595-9603-44010F16600C}"
EndProject
Project("{9A19103F-16F7-4668-BE54-9A1E7A4F7556}") = "ProjectFabric.Razor.Models", "src\ProjectFabric.Razor.Models\ProjectFabric.Razor.Models.csproj", "{2FC0E66E-B3DC-4ABD-9133-CD0B80AD87CF}"
EndProject
Project("{9A19103F-16F7-4668-BE54-9A1E7A4F7556}") = "Project.Fabric.Drawio", "src\Project.Fabric.Drawio\Project.Fabric.Drawio.csproj", "{1FE76D1D-4515-4A97-820A-0CF5BFC52FF5}"
EndProject
Project("{9A19103F-16F7-4668-BE54-9A1E7A4F7556}") = "ProjectFabric.Generator", "src\ProjectFabric.Generator\ProjectFabric.Generator.csproj", "{5749BECC-8A8D-4049-8145-D41B7F6585E1}"
EndProject
Project("{9A19103F-16F7-4668-BE54-9A1E7A4F7556}") = "ProjectFabric.Common", "src\ProjectFabric.Common\ProjectFabric.Common.csproj", "{3EA64001-FF7D-4E4A-BD8D-FFEFC78D6A56}"
EndProject
Global
	GlobalSection(SolutionConfigurationPlatforms) = preSolution
		Debug|Any CPU = Debug|Any CPU
		Release|Any CPU = Release|Any CPU
	EndGlobalSection
	GlobalSection(ProjectConfigurationPlatforms) = postSolution
		{C47A826C-8EA5-43C4-87E9-858C4E49F38A}.Debug|Any CPU.ActiveCfg = Debug|Any CPU
		{C47A826C-8EA5-43C4-87E9-858C4E49F38A}.Release|Any CPU.ActiveCfg = Release|Any CPU
		{C47A826C-8EA5-43C4-87E9-858C4E49F38A}.Release|Any CPU.Build.0 = Release|Any CPU
		{C47A826C-8EA5-43C4-87E9-858C4E49F38A}.Release|Any CPU.Deploy.0 = Release|Any CPU
		{12B77FEC-CD4C-4484-86BA-6230A0C42BF5}.Debug|Any CPU.ActiveCfg = Debug|Any CPU
		{12B77FEC-CD4C-4484-86BA-6230A0C42BF5}.Debug|Any CPU.Build.0 = Debug|Any CPU
		{12B77FEC-CD4C-4484-86BA-6230A0C42BF5}.Release|Any CPU.ActiveCfg = Release|Any CPU
		{12B77FEC-CD4C-4484-86BA-6230A0C42BF5}.Release|Any CPU.Build.0 = Release|Any CPU
		{4616C555-5D8E-4C91-AF08-78B83062FB80}.Debug|Any CPU.ActiveCfg = Debug|Any CPU
		{4616C555-5D8E-4C91-AF08-78B83062FB80}.Debug|Any CPU.Build.0 = Debug|Any CPU
		{4616C555-5D8E-4C91-AF08-78B83062FB80}.Release|Any CPU.ActiveCfg = Release|Any CPU
		{4616C555-5D8E-4C91-AF08-78B83062FB80}.Release|Any CPU.Build.0 = Release|Any CPU
		{8B59FB09-9970-4C80-B2F7-EA92CD1876CB}.Debug|Any CPU.ActiveCfg = Debug|Any CPU
		{8B59FB09-9970-4C80-B2F7-EA92CD1876CB}.Debug|Any CPU.Build.0 = Debug|Any CPU
		{8B59FB09-9970-4C80-B2F7-EA92CD1876CB}.Release|Any CPU.ActiveCfg = Release|Any CPU
		{8B59FB09-9970-4C80-B2F7-EA92CD1876CB}.Release|Any CPU.Build.0 = Release|Any CPU
		{B0380259-BF54-4991-9DBF-51DE14716AB9}.Debug|Any CPU.ActiveCfg = Debug|Any CPU
		{B0380259-BF54-4991-9DBF-51DE14716AB9}.Debug|Any CPU.Build.0 = Debug|Any CPU
		{B0380259-BF54-4991-9DBF-51DE14716AB9}.Release|Any CPU.ActiveCfg = Release|Any CPU
		{B0380259-BF54-4991-9DBF-51DE14716AB9}.Release|Any CPU.Build.0 = Release|Any CPU
		{084FF551-52B5-43A7-A938-BD5E361CE4F5}.Debug|Any CPU.ActiveCfg = Debug|Any CPU
		{084FF551-52B5-43A7-A938-BD5E361CE4F5}.Debug|Any CPU.Build.0 = Debug|Any CPU
		{084FF551-52B5-43A7-A938-BD5E361CE4F5}.Release|Any CPU.ActiveCfg = Release|Any CPU
		{084FF551-52B5-43A7-A938-BD5E361CE4F5}.Release|Any CPU.Build.0 = Release|Any CPU
		{20D10E19-9435-4101-9C21-3B515F407970}.Debug|Any CPU.ActiveCfg = Debug|Any CPU
		{20D10E19-9435-4101-9C21-3B515F407970}.Debug|Any CPU.Build.0 = Debug|Any CPU
		{20D10E19-9435-4101-9C21-3B515F407970}.Release|Any CPU.ActiveCfg = Release|Any CPU
		{20D10E19-9435-4101-9C21-3B515F407970}.Release|Any CPU.Build.0 = Release|Any CPU
		{54B2B7E4-D069-4B6F-804D-21DBC92A2CB2}.Debug|Any CPU.ActiveCfg = Debug|Any CPU
		{54B2B7E4-D069-4B6F-804D-21DBC92A2CB2}.Debug|Any CPU.Build.0 = Debug|Any CPU
		{54B2B7E4-D069-4B6F-804D-21DBC92A2CB2}.Release|Any CPU.ActiveCfg = Release|Any CPU
		{54B2B7E4-D069-4B6F-804D-21DBC92A2CB2}.Release|Any CPU.Build.0 = Release|Any CPU
		{E194E0FB-29E7-4595-9603-44010F16600C}.Debug|Any CPU.ActiveCfg = Debug|Any CPU
		{E194E0FB-29E7-4595-9603-44010F16600C}.Debug|Any CPU.Build.0 = Debug|Any CPU
		{E194E0FB-29E7-4595-9603-44010F16600C}.Release|Any CPU.ActiveCfg = Release|Any CPU
		{E194E0FB-29E7-4595-9603-44010F16600C}.Release|Any CPU.Build.0 = Release|Any CPU
		{2FC0E66E-B3DC-4ABD-9133-CD0B80AD87CF}.Debug|Any CPU.ActiveCfg = Debug|Any CPU
		{2FC0E66E-B3DC-4ABD-9133-CD0B80AD87CF}.Debug|Any CPU.Build.0 = Debug|Any CPU
		{2FC0E66E-B3DC-4ABD-9133-CD0B80AD87CF}.Release|Any CPU.ActiveCfg = Release|Any CPU
		{2FC0E66E-B3DC-4ABD-9133-CD0B80AD87CF}.Release|Any CPU.Build.0 = Release|Any CPU
		{1FE76D1D-4515-4A97-820A-0CF5BFC52FF5}.Debug|Any CPU.ActiveCfg = Debug|Any CPU
		{1FE76D1D-4515-4A97-820A-0CF5BFC52FF5}.Debug|Any CPU.Build.0 = Debug|Any CPU
		{1FE76D1D-4515-4A97-820A-0CF5BFC52FF5}.Release|Any CPU.ActiveCfg = Release|Any CPU
		{1FE76D1D-4515-4A97-820A-0CF5BFC52FF5}.Release|Any CPU.Build.0 = Release|Any CPU
		{5749BECC-8A8D-4049-8145-D41B7F6585E1}.Debug|Any CPU.ActiveCfg = Debug|Any CPU
		{5749BECC-8A8D-4049-8145-D41B7F6585E1}.Debug|Any CPU.Build.0 = Debug|Any CPU
		{5749BECC-8A8D-4049-8145-D41B7F6585E1}.Release|Any CPU.ActiveCfg = Release|Any CPU
		{5749BECC-8A8D-4049-8145-D41B7F6585E1}.Release|Any CPU.Build.0 = Release|Any CPU
		{3EA64001-FF7D-4E4A-BD8D-FFEFC78D6A56}.Debug|Any CPU.ActiveCfg = Debug|Any CPU
		{3EA64001-FF7D-4E4A-BD8D-FFEFC78D6A56}.Debug|Any CPU.Build.0 = Debug|Any CPU
		{3EA64001-FF7D-4E4A-BD8D-FFEFC78D6A56}.Release|Any CPU.ActiveCfg = Release|Any CPU
		{3EA64001-FF7D-4E4A-BD8D-FFEFC78D6A56}.Release|Any CPU.Build.0 = Release|Any CPU
	EndGlobalSection
	GlobalSection(SolutionProperties) = preSolution
		HideSolutionNode = FALSE
	EndGlobalSection
	GlobalSection(NestedProjects) = preSolution
		{C47A826C-8EA5-43C4-87E9-858C4E49F38A} = {613A3A8C-0D3C-4086-872B-EDAE18D4E835}
		{12B77FEC-CD4C-4484-86BA-6230A0C42BF5} = {613A3A8C-0D3C-4086-872B-EDAE18D4E835}
		{4616C555-5D8E-4C91-AF08-78B83062FB80} = {65570A48-6A5C-4715-BA16-6E9C6B89A6F1}
		{8B59FB09-9970-4C80-B2F7-EA92CD1876CB} = {43532268-5CA9-427A-BEFA-FFBF0757DA14}
		{B0380259-BF54-4991-9DBF-51DE14716AB9} = {E6B74B66-8ACF-4598-9268-6ABBC87124FA}
		{084FF551-52B5-43A7-A938-BD5E361CE4F5} = {0B05AA0C-ACC7-4620-90A3-753BAA1CC9CC}
		{20D10E19-9435-4101-9C21-3B515F407970} = {613A3A8C-0D3C-4086-872B-EDAE18D4E835}
		{54B2B7E4-D069-4B6F-804D-21DBC92A2CB2} = {65570A48-6A5C-4715-BA16-6E9C6B89A6F1}
		{E194E0FB-29E7-4595-9603-44010F16600C} = {65570A48-6A5C-4715-BA16-6E9C6B89A6F1}
		{2FC0E66E-B3DC-4ABD-9133-CD0B80AD87CF} = {65570A48-6A5C-4715-BA16-6E9C6B89A6F1}
		{1FE76D1D-4515-4A97-820A-0CF5BFC52FF5} = {65570A48-6A5C-4715-BA16-6E9C6B89A6F1}
		{5749BECC-8A8D-4049-8145-D41B7F6585E1} = {65570A48-6A5C-4715-BA16-6E9C6B89A6F1}
		{3EA64001-FF7D-4E4A-BD8D-FFEFC78D6A56} = {65570A48-6A5C-4715-BA16-6E9C6B89A6F1}
	EndGlobalSection
	GlobalSection(ExtensibilityGlobals) = postSolution
		SolutionGuid = {F8ECAE2C-A1D1-4C9B-A7D8-405CEA0F481C}
	EndGlobalSection
EndGlobal
